
Microsoft Visual Studio Solution File, Format Version 12.00
# Visual Studio Version 17
VisualStudioVersion = 17.8.34330.188
MinimumVisualStudioVersion = 10.0.40219.1
Project("{FAE04EC0-301F-11D3-BF4B-00C04F79EFBC}") = "IndustrialGatewayToWebServer", "IndustrialGatewayToWebServer\IndustrialGatewayToWebServer.csproj", "{9A6E4F5F-8A6D-4E6F-BC08-E8580C9B5D27}"
EndProject
Project("{FAE04EC0-301F-11D3-BF4B-00C04F79EFBC}") = "IGW_mqttService", "IGW_mqttService\IGW_mqttService.csproj", "{131A5DD7-3EB2-43DA-8239-20F6C590333F}"
EndProject
Project("{FAE04EC0-301F-11D3-BF4B-00C04F79EFBC}") = "IGW_modbusTCPService", "IGW_modbusTCPService\IGW_modbusTCPService.csproj", "{5B5FA59C-616C-4761-A86A-FC80ED2755A7}"
EndProject
Project("{FAE04EC0-301F-11D3-BF4B-00C04F79EFBC}") = "deneme_tcp", "deneme_tcp\deneme_tcp.csproj", "{8B259A4E-51DC-4A4E-AF0F-3FA12689F9A3}"
EndProject
Global
	GlobalSection(SolutionConfigurationPlatforms) = preSolution
		Debug|Any CPU = Debug|Any CPU
		Release|Any CPU = Release|Any CPU
	EndGlobalSection
	GlobalSection(ProjectConfigurationPlatforms) = postSolution
		{9A6E4F5F-8A6D-4E6F-BC08-E8580C9B5D27}.Debug|Any CPU.ActiveCfg = Debug|Any CPU
		{9A6E4F5F-8A6D-4E6F-BC08-E8580C9B5D27}.Debug|Any CPU.Build.0 = Debug|Any CPU
		{9A6E4F5F-8A6D-4E6F-BC08-E8580C9B5D27}.Release|Any CPU.ActiveCfg = Release|Any CPU
		{9A6E4F5F-8A6D-4E6F-BC08-E8580C9B5D27}.Release|Any CPU.Build.0 = Release|Any CPU
		{131A5DD7-3EB2-43DA-8239-20F6C590333F}.Debug|Any CPU.ActiveCfg = Debug|Any CPU
		{131A5DD7-3EB2-43DA-8239-20F6C590333F}.Debug|Any CPU.Build.0 = Debug|Any CPU
		{131A5DD7-3EB2-43DA-8239-20F6C590333F}.Release|Any CPU.ActiveCfg = Release|Any CPU
		{131A5DD7-3EB2-43DA-8239-20F6C590333F}.Release|Any CPU.Build.0 = Release|Any CPU
		{5B5FA59C-616C-4761-A86A-FC80ED2755A7}.Debug|Any CPU.ActiveCfg = Debug|Any CPU
		{5B5FA59C-616C-4761-A86A-FC80ED2755A7}.Debug|Any CPU.Build.0 = Debug|Any CPU
		{5B5FA59C-616C-4761-A86A-FC80ED2755A7}.Release|Any CPU.ActiveCfg = Release|Any CPU
		{5B5FA59C-616C-4761-A86A-FC80ED2755A7}.Release|Any CPU.Build.0 = Release|Any CPU
		{8B259A4E-51DC-4A4E-AF0F-3FA12689F9A3}.Debug|Any CPU.ActiveCfg = Debug|Any CPU
		{8B259A4E-51DC-4A4E-AF0F-3FA12689F9A3}.Debug|Any CPU.Build.0 = Debug|Any CPU
		{8B259A4E-51DC-4A4E-AF0F-3FA12689F9A3}.Release|Any CPU.ActiveCfg = Release|Any CPU
		{8B259A4E-51DC-4A4E-AF0F-3FA12689F9A3}.Release|Any CPU.Build.0 = Release|Any CPU
	EndGlobalSection
	GlobalSection(SolutionProperties) = preSolution
		HideSolutionNode = FALSE
	EndGlobalSection
	GlobalSection(ExtensibilityGlobals) = postSolution
		SolutionGuid = {8851FDFA-FB3E-497B-B7D8-07EFFB7CA982}
	EndGlobalSection
EndGlobal
